
Microsoft Visual Studio Solution File, Format Version 12.00
# Visual Studio Version 17
VisualStudioVersion = 17.6.33815.320
MinimumVisualStudioVersion = 10.0.40219.1
Project("{FAE04EC0-301F-11D3-BF4B-00C04F79EFBC}") = "OnnoRokom", "OnnoRokom\OnnoRokom.csproj", "{ED599C37-B396-4CF9-AC34-64D19B8DAB1F}"
EndProject
Project("{FAE04EC0-301F-11D3-BF4B-00C04F79EFBC}") = "BLL", "BLL\BLL.csproj", "{8062C286-AB83-4689-B456-E73B4CB1916D}"
EndProject
Project("{FAE04EC0-301F-11D3-BF4B-00C04F79EFBC}") = "DAL", "DAL\DAL.csproj", "{533A189E-1C2A-42C6-8EA5-DAC041C94176}"
EndProject
Global
	GlobalSection(SolutionConfigurationPlatforms) = preSolution
		Debug|Any CPU = Debug|Any CPU
		Release|Any CPU = Release|Any CPU
	EndGlobalSection
	GlobalSection(ProjectConfigurationPlatforms) = postSolution
		{ED599C37-B396-4CF9-AC34-64D19B8DAB1F}.Debug|Any CPU.ActiveCfg = Debug|Any CPU
		{ED599C37-B396-4CF9-AC34-64D19B8DAB1F}.Debug|Any CPU.Build.0 = Debug|Any CPU
		{ED599C37-B396-4CF9-AC34-64D19B8DAB1F}.Release|Any CPU.ActiveCfg = Release|Any CPU
		{ED599C37-B396-4CF9-AC34-64D19B8DAB1F}.Release|Any CPU.Build.0 = Release|Any CPU
		{8062C286-AB83-4689-B456-E73B4CB1916D}.Debug|Any CPU.ActiveCfg = Debug|Any CPU
		{8062C286-AB83-4689-B456-E73B4CB1916D}.Debug|Any CPU.Build.0 = Debug|Any CPU
		{8062C286-AB83-4689-B456-E73B4CB1916D}.Release|Any CPU.ActiveCfg = Release|Any CPU
		{8062C286-AB83-4689-B456-E73B4CB1916D}.Release|Any CPU.Build.0 = Release|Any CPU
		{533A189E-1C2A-42C6-8EA5-DAC041C94176}.Debug|Any CPU.ActiveCfg = Debug|Any CPU
		{533A189E-1C2A-42C6-8EA5-DAC041C94176}.Debug|Any CPU.Build.0 = Debug|Any CPU
		{533A189E-1C2A-42C6-8EA5-DAC041C94176}.Release|Any CPU.ActiveCfg = Release|Any CPU
		{533A189E-1C2A-42C6-8EA5-DAC041C94176}.Release|Any CPU.Build.0 = Release|Any CPU
	EndGlobalSection
	GlobalSection(SolutionProperties) = preSolution
		HideSolutionNode = FALSE
	EndGlobalSection
	GlobalSection(ExtensibilityGlobals) = postSolution
		SolutionGuid = {8E85C808-E0A0-4415-BF60-7F46B676BC05}
	EndGlobalSection
EndGlobal
